
Microsoft Visual Studio Solution File, Format Version 12.00
# Visual Studio Version 17
VisualStudioVersion = 17.1.31911.260
MinimumVisualStudioVersion = 10.0.40219.1
Project("{2150E333-8FDC-42A3-9474-1A3956D46DE8}") = "Day 6 - Lanternfish", "Day 6 - Lanternfish", "{24B55C90-4585-451D-A630-6EA111C2860A}"
EndProject
Project("{9A19103F-16F7-4668-BE54-9A1E7A4F7556}") = "Sonar Sweep", "src\Day 1 - Sonar Sweep\Sonar Sweep\Sonar Sweep.csproj", "{6A1F1CEF-DC79-4803-B081-58D01F43A384}"
EndProject
Project("{9A19103F-16F7-4668-BE54-9A1E7A4F7556}") = "Lanternfish", "src\Day 6 - Lanternfish\Lanternfish\Lanternfish.csproj", "{B178D09C-DE5D-46B0-870A-4224805B2DE4}"
EndProject
Project("{2150E333-8FDC-42A3-9474-1A3956D46DE8}") = "Day 1 - Sonar Sweep", "Day 1 - Sonar Sweep", "{40D34C19-1501-4102-856B-7324AB934953}"
EndProject
Project("{2150E333-8FDC-42A3-9474-1A3956D46DE8}") = "Day 2 - Dive!", "Day 2 - Dive!", "{798ADBE6-40DF-4AAC-B791-214A9729461F}"
EndProject
Project("{9A19103F-16F7-4668-BE54-9A1E7A4F7556}") = "Dive", "src\Day 2 - Dive!\Dive\Dive.csproj", "{B2385C33-52E8-46F4-85B1-AA0BD8056AF0}"
EndProject
Project("{2150E333-8FDC-42A3-9474-1A3956D46DE8}") = "Day 3 - Binary Diagnostic", "Day 3 - Binary Diagnostic", "{A5AAE26B-F081-4477-84E3-B73A4F830AF6}"
EndProject
Project("{9A19103F-16F7-4668-BE54-9A1E7A4F7556}") = "Binary Diagnostic", "src\Day 3 - Binary Diagnostic\Binary Diagnostic\Binary Diagnostic.csproj", "{98BFADD9-441B-469F-AA31-24FB38715031}"
EndProject
Project("{2150E333-8FDC-42A3-9474-1A3956D46DE8}") = "Day 4 - Giant Squid", "Day 4 - Giant Squid", "{5ABBE172-EE79-4620-A89A-05B31662B366}"
EndProject
Project("{9A19103F-16F7-4668-BE54-9A1E7A4F7556}") = "Giant Squid", "src\Day 4 - Giant Squid\Giant Squid\Giant Squid.csproj", "{DB7B7565-28F3-4185-8A40-549E07CE98A0}"
EndProject
Project("{2150E333-8FDC-42A3-9474-1A3956D46DE8}") = "Day 5 - Hydrothermal Venture", "Day 5 - Hydrothermal Venture", "{156DD1B0-F3D5-4A03-AC71-284AFF0DA75A}"
EndProject
Project("{FAE04EC0-301F-11D3-BF4B-00C04F79EFBC}") = "Hydrothermal Venture", "src\Day 5 - Hydrothermal Venture\Hydrothermal Venture\Hydrothermal Venture.csproj", "{EA4E76E6-DF6A-4425-9CDB-1DE6708F9752}"
EndProject
Global
	GlobalSection(SolutionConfigurationPlatforms) = preSolution
		Debug|Any CPU = Debug|Any CPU
		Release|Any CPU = Release|Any CPU
	EndGlobalSection
	GlobalSection(ProjectConfigurationPlatforms) = postSolution
		{6A1F1CEF-DC79-4803-B081-58D01F43A384}.Debug|Any CPU.ActiveCfg = Debug|Any CPU
		{6A1F1CEF-DC79-4803-B081-58D01F43A384}.Debug|Any CPU.Build.0 = Debug|Any CPU
		{6A1F1CEF-DC79-4803-B081-58D01F43A384}.Release|Any CPU.ActiveCfg = Release|Any CPU
		{6A1F1CEF-DC79-4803-B081-58D01F43A384}.Release|Any CPU.Build.0 = Release|Any CPU
		{B178D09C-DE5D-46B0-870A-4224805B2DE4}.Debug|Any CPU.ActiveCfg = Debug|Any CPU
		{B178D09C-DE5D-46B0-870A-4224805B2DE4}.Debug|Any CPU.Build.0 = Debug|Any CPU
		{B178D09C-DE5D-46B0-870A-4224805B2DE4}.Release|Any CPU.ActiveCfg = Release|Any CPU
		{B178D09C-DE5D-46B0-870A-4224805B2DE4}.Release|Any CPU.Build.0 = Release|Any CPU
		{B2385C33-52E8-46F4-85B1-AA0BD8056AF0}.Debug|Any CPU.ActiveCfg = Debug|Any CPU
		{B2385C33-52E8-46F4-85B1-AA0BD8056AF0}.Debug|Any CPU.Build.0 = Debug|Any CPU
		{B2385C33-52E8-46F4-85B1-AA0BD8056AF0}.Release|Any CPU.ActiveCfg = Release|Any CPU
		{B2385C33-52E8-46F4-85B1-AA0BD8056AF0}.Release|Any CPU.Build.0 = Release|Any CPU
		{98BFADD9-441B-469F-AA31-24FB38715031}.Debug|Any CPU.ActiveCfg = Debug|Any CPU
		{98BFADD9-441B-469F-AA31-24FB38715031}.Debug|Any CPU.Build.0 = Debug|Any CPU
		{98BFADD9-441B-469F-AA31-24FB38715031}.Release|Any CPU.ActiveCfg = Release|Any CPU
		{98BFADD9-441B-469F-AA31-24FB38715031}.Release|Any CPU.Build.0 = Release|Any CPU
		{DB7B7565-28F3-4185-8A40-549E07CE98A0}.Debug|Any CPU.ActiveCfg = Debug|Any CPU
		{DB7B7565-28F3-4185-8A40-549E07CE98A0}.Debug|Any CPU.Build.0 = Debug|Any CPU
		{DB7B7565-28F3-4185-8A40-549E07CE98A0}.Release|Any CPU.ActiveCfg = Release|Any CPU
		{DB7B7565-28F3-4185-8A40-549E07CE98A0}.Release|Any CPU.Build.0 = Release|Any CPU
		{EA4E76E6-DF6A-4425-9CDB-1DE6708F9752}.Debug|Any CPU.ActiveCfg = Debug|Any CPU
		{EA4E76E6-DF6A-4425-9CDB-1DE6708F9752}.Debug|Any CPU.Build.0 = Debug|Any CPU
		{EA4E76E6-DF6A-4425-9CDB-1DE6708F9752}.Release|Any CPU.ActiveCfg = Release|Any CPU
		{EA4E76E6-DF6A-4425-9CDB-1DE6708F9752}.Release|Any CPU.Build.0 = Release|Any CPU
	EndGlobalSection
	GlobalSection(SolutionProperties) = preSolution
		HideSolutionNode = FALSE
	EndGlobalSection
	GlobalSection(NestedProjects) = preSolution
		{6A1F1CEF-DC79-4803-B081-58D01F43A384} = {40D34C19-1501-4102-856B-7324AB934953}
		{B178D09C-DE5D-46B0-870A-4224805B2DE4} = {24B55C90-4585-451D-A630-6EA111C2860A}
		{B2385C33-52E8-46F4-85B1-AA0BD8056AF0} = {798ADBE6-40DF-4AAC-B791-214A9729461F}
		{98BFADD9-441B-469F-AA31-24FB38715031} = {A5AAE26B-F081-4477-84E3-B73A4F830AF6}
		{DB7B7565-28F3-4185-8A40-549E07CE98A0} = {5ABBE172-EE79-4620-A89A-05B31662B366}
		{EA4E76E6-DF6A-4425-9CDB-1DE6708F9752} = {156DD1B0-F3D5-4A03-AC71-284AFF0DA75A}
	EndGlobalSection
	GlobalSection(ExtensibilityGlobals) = postSolution
		SolutionGuid = {31862EB0-46FD-4C45-AD2B-1458D0CFBD39}
	EndGlobalSection
EndGlobal
