
Microsoft Visual Studio Solution File, Format Version 12.00
# Visual Studio Version 17
VisualStudioVersion = 17.1.31911.260
MinimumVisualStudioVersion = 10.0.40219.1
Project("{2150E333-8FDC-42A3-9474-1A3956D46DE8}") = "Day 6 - Lanternfish", "Day 6 - Lanternfish", "{24B55C90-4585-451D-A630-6EA111C2860A}"
EndProject
Project("{9A19103F-16F7-4668-BE54-9A1E7A4F7556}") = "Sonar Sweep", "src\Day 1 - Sonar Sweep\Sonar Sweep\Sonar Sweep.csproj", "{6A1F1CEF-DC79-4803-B081-58D01F43A384}"
EndProject
Project("{9A19103F-16F7-4668-BE54-9A1E7A4F7556}") = "Lanternfish", "src\Day 6 - Lanternfish\Lanternfish\Lanternfish.csproj", "{B178D09C-DE5D-46B0-870A-4224805B2DE4}"
EndProject
Project("{2150E333-8FDC-42A3-9474-1A3956D46DE8}") = "Day 1 - Sonar Sweep", "Day 1 - Sonar Sweep", "{40D34C19-1501-4102-856B-7324AB934953}"
EndProject
Project("{2150E333-8FDC-42A3-9474-1A3956D46DE8}") = "Day 2 - Dive!", "Day 2 - Dive!", "{798ADBE6-40DF-4AAC-B791-214A9729461F}"
EndProject
Project("{9A19103F-16F7-4668-BE54-9A1E7A4F7556}") = "Dive", "src\Day 2 - Dive!\Dive\Dive.csproj", "{B2385C33-52E8-46F4-85B1-AA0BD8056AF0}"
EndProject
Project("{2150E333-8FDC-42A3-9474-1A3956D46DE8}") = "Day 3 - Binary Diagnostic", "Day 3 - Binary Diagnostic", "{A5AAE26B-F081-4477-84E3-B73A4F830AF6}"
EndProject
Project("{9A19103F-16F7-4668-BE54-9A1E7A4F7556}") = "Binary Diagnostic", "src\Day 3 - Binary Diagnostic\Binary Diagnostic\Binary Diagnostic.csproj", "{98BFADD9-441B-469F-AA31-24FB38715031}"
EndProject
Project("{2150E333-8FDC-42A3-9474-1A3956D46DE8}") = "Day 4 - Giant Squid", "Day 4 - Giant Squid", "{5ABBE172-EE79-4620-A89A-05B31662B366}"
EndProject
Project("{9A19103F-16F7-4668-BE54-9A1E7A4F7556}") = "Giant Squid", "src\Day 4 - Giant Squid\Giant Squid\Giant Squid.csproj", "{DB7B7565-28F3-4185-8A40-549E07CE98A0}"
EndProject
Project("{2150E333-8FDC-42A3-9474-1A3956D46DE8}") = "Day 5 - Hydrothermal Venture", "Day 5 - Hydrothermal Venture", "{156DD1B0-F3D5-4A03-AC71-284AFF0DA75A}"
EndProject
Project("{9A19103F-16F7-4668-BE54-9A1E7A4F7556}") = "Hydrothermal Venture", "src\Day 5 - Hydrothermal Venture\Hydrothermal Venture\Hydrothermal Venture.csproj", "{EA4E76E6-DF6A-4425-9CDB-1DE6708F9752}"
EndProject
Project("{2150E333-8FDC-42A3-9474-1A3956D46DE8}") = "Day 7 - The Treachery of Whales", "Day 7 - The Treachery of Whales", "{1EEB10F3-1015-4AA4-B332-D3BDCAE86165}"
EndProject
Project("{9A19103F-16F7-4668-BE54-9A1E7A4F7556}") = "Whales", "src\Day 7 - The Treachery of Whales\Whales\Whales.csproj", "{E96DAD03-AD85-4932-897A-726092CE8FFB}"
EndProject
Project("{2150E333-8FDC-42A3-9474-1A3956D46DE8}") = "Day 8 - Seven Segment Search", "Day 8 - Seven Segment Search", "{6B65AD64-848D-4ECF-B87C-8A7BC65DB8A0}"
EndProject
Project("{9A19103F-16F7-4668-BE54-9A1E7A4F7556}") = "Seven Segment Search", "src\Day 8 - Seven Segment Search\Seven Segment Search\Seven Segment Search.csproj", "{23049560-43BF-4960-A7E9-DC35A29F008B}"
EndProject
Project("{2150E333-8FDC-42A3-9474-1A3956D46DE8}") = "Day 9 - Smoke Basin", "Day 9 - Smoke Basin", "{3D32178A-6880-497C-A9F5-62ACB7524BA8}"
EndProject
Project("{9A19103F-16F7-4668-BE54-9A1E7A4F7556}") = "Smoke Basin", "src\Day 9 - Smoke Basin\Smoke Basin\Smoke Basin.csproj", "{FE049E4B-EA00-4CBE-8522-F97A01AFA726}"
EndProject
Project("{2150E333-8FDC-42A3-9474-1A3956D46DE8}") = "Day 10 - Syntax Scoring", "Day 10 - Syntax Scoring", "{4802FB57-349A-4842-9089-9554494BB702}"
EndProject
Project("{9A19103F-16F7-4668-BE54-9A1E7A4F7556}") = "Syntax Scoring", "src\Day 10 - Syntax Scoring\Syntax Scoring\Syntax Scoring.csproj", "{8DFFE33B-34E7-4ACF-A6AD-3D4B6F67A41A}"
EndProject
Project("{2150E333-8FDC-42A3-9474-1A3956D46DE8}") = "Day 11 - Dumbo Octopus", "Day 11 - Dumbo Octopus", "{62ACB9BE-0100-4225-84E1-0DFF5A6BD437}"
EndProject
Project("{9A19103F-16F7-4668-BE54-9A1E7A4F7556}") = "Dumbo Octopus", "src\Day 11 - Dumbo Octopus\Dumbo Octopus\Dumbo Octopus.csproj", "{22955E37-B98B-4CE4-8DC1-B6EE6B5245EE}"
EndProject
Project("{2150E333-8FDC-42A3-9474-1A3956D46DE8}") = "Day 12 - Passage Pathing", "Day 12 - Passage Pathing", "{D97399F0-B2AF-43A3-88B6-27DC5C4861D2}"
EndProject
Project("{9A19103F-16F7-4668-BE54-9A1E7A4F7556}") = "Passage Pathing", "src\Day 12 - Passage Pathing\Passage Pathing\Passage Pathing.csproj", "{2FBAF641-B78D-46D6-A0DB-23A492F988C0}"
EndProject
Project("{2150E333-8FDC-42A3-9474-1A3956D46DE8}") = "Day 13 - Transparent Origami", "Day 13 - Transparent Origami", "{F4667CF8-CF53-4D90-8E54-0F752AB99624}"
EndProject
Project("{9A19103F-16F7-4668-BE54-9A1E7A4F7556}") = "Transparent Origami", "src\Day 13 - Transparent Origami\Transparent Origami\Transparent Origami.csproj", "{4F1CBBA0-DEE7-42A5-BE1A-4928461648AB}"
EndProject
Project("{2150E333-8FDC-42A3-9474-1A3956D46DE8}") = "Day 14 - Extended Polymerization", "Day 14 - Extended Polymerization", "{2650C143-3E02-4932-9B72-903FFA225482}"
EndProject
Project("{9A19103F-16F7-4668-BE54-9A1E7A4F7556}") = "Extended Polymerization", "src\Day 14 - Extended Polymerization\Extended Polymerization\Extended Polymerization.csproj", "{51731384-BA12-4CCD-AE3D-23FEDBE34BA9}"
EndProject
Project("{2150E333-8FDC-42A3-9474-1A3956D46DE8}") = "Day 15 - Chiton", "Day 15 - Chiton", "{77814457-DFAF-4D21-BBD7-36361A1D7B41}"
EndProject
Project("{9A19103F-16F7-4668-BE54-9A1E7A4F7556}") = "Chiton", "src\Day 15 - Chiton\Chiton\Chiton.csproj", "{060F0211-928B-4264-A9D8-8578BABA1972}"
EndProject
Project("{2150E333-8FDC-42A3-9474-1A3956D46DE8}") = "Day 16 - Packet Decoder", "Day 16 - Packet Decoder", "{2549542C-80FE-4B02-90ED-C65BC6FEA30E}"
EndProject
Project("{FAE04EC0-301F-11D3-BF4B-00C04F79EFBC}") = "Packet Decoder", "src\Day 16 - Packet Decoder\Packet Decoder\Packet Decoder.csproj", "{83B4437A-1509-498C-A669-903907F28F1B}"
EndProject
Project("{2150E333-8FDC-42A3-9474-1A3956D46DE8}") = "Day 17 - Trick Shot", "Day 17 - Trick Shot", "{49A54441-F42C-4B54-9777-B13D9698D18E}"
EndProject
Project("{FAE04EC0-301F-11D3-BF4B-00C04F79EFBC}") = "Trick Shot", "src\Day 17 - Trick Shot\Trick Shot\Trick Shot.csproj", "{52217E42-8E93-4A9A-8D93-4C2F030175F5}"
EndProject
Global
	GlobalSection(SolutionConfigurationPlatforms) = preSolution
		Debug|Any CPU = Debug|Any CPU
		Release|Any CPU = Release|Any CPU
	EndGlobalSection
	GlobalSection(ProjectConfigurationPlatforms) = postSolution
		{6A1F1CEF-DC79-4803-B081-58D01F43A384}.Debug|Any CPU.ActiveCfg = Debug|Any CPU
		{6A1F1CEF-DC79-4803-B081-58D01F43A384}.Debug|Any CPU.Build.0 = Debug|Any CPU
		{6A1F1CEF-DC79-4803-B081-58D01F43A384}.Release|Any CPU.ActiveCfg = Release|Any CPU
		{6A1F1CEF-DC79-4803-B081-58D01F43A384}.Release|Any CPU.Build.0 = Release|Any CPU
		{B178D09C-DE5D-46B0-870A-4224805B2DE4}.Debug|Any CPU.ActiveCfg = Debug|Any CPU
		{B178D09C-DE5D-46B0-870A-4224805B2DE4}.Debug|Any CPU.Build.0 = Debug|Any CPU
		{B178D09C-DE5D-46B0-870A-4224805B2DE4}.Release|Any CPU.ActiveCfg = Release|Any CPU
		{B178D09C-DE5D-46B0-870A-4224805B2DE4}.Release|Any CPU.Build.0 = Release|Any CPU
		{B2385C33-52E8-46F4-85B1-AA0BD8056AF0}.Debug|Any CPU.ActiveCfg = Debug|Any CPU
		{B2385C33-52E8-46F4-85B1-AA0BD8056AF0}.Debug|Any CPU.Build.0 = Debug|Any CPU
		{B2385C33-52E8-46F4-85B1-AA0BD8056AF0}.Release|Any CPU.ActiveCfg = Release|Any CPU
		{B2385C33-52E8-46F4-85B1-AA0BD8056AF0}.Release|Any CPU.Build.0 = Release|Any CPU
		{98BFADD9-441B-469F-AA31-24FB38715031}.Debug|Any CPU.ActiveCfg = Debug|Any CPU
		{98BFADD9-441B-469F-AA31-24FB38715031}.Debug|Any CPU.Build.0 = Debug|Any CPU
		{98BFADD9-441B-469F-AA31-24FB38715031}.Release|Any CPU.ActiveCfg = Release|Any CPU
		{98BFADD9-441B-469F-AA31-24FB38715031}.Release|Any CPU.Build.0 = Release|Any CPU
		{DB7B7565-28F3-4185-8A40-549E07CE98A0}.Debug|Any CPU.ActiveCfg = Debug|Any CPU
		{DB7B7565-28F3-4185-8A40-549E07CE98A0}.Debug|Any CPU.Build.0 = Debug|Any CPU
		{DB7B7565-28F3-4185-8A40-549E07CE98A0}.Release|Any CPU.ActiveCfg = Release|Any CPU
		{DB7B7565-28F3-4185-8A40-549E07CE98A0}.Release|Any CPU.Build.0 = Release|Any CPU
		{EA4E76E6-DF6A-4425-9CDB-1DE6708F9752}.Debug|Any CPU.ActiveCfg = Debug|Any CPU
		{EA4E76E6-DF6A-4425-9CDB-1DE6708F9752}.Debug|Any CPU.Build.0 = Debug|Any CPU
		{EA4E76E6-DF6A-4425-9CDB-1DE6708F9752}.Release|Any CPU.ActiveCfg = Release|Any CPU
		{EA4E76E6-DF6A-4425-9CDB-1DE6708F9752}.Release|Any CPU.Build.0 = Release|Any CPU
		{E96DAD03-AD85-4932-897A-726092CE8FFB}.Debug|Any CPU.ActiveCfg = Debug|Any CPU
		{E96DAD03-AD85-4932-897A-726092CE8FFB}.Debug|Any CPU.Build.0 = Debug|Any CPU
		{E96DAD03-AD85-4932-897A-726092CE8FFB}.Release|Any CPU.ActiveCfg = Release|Any CPU
		{E96DAD03-AD85-4932-897A-726092CE8FFB}.Release|Any CPU.Build.0 = Release|Any CPU
		{23049560-43BF-4960-A7E9-DC35A29F008B}.Debug|Any CPU.ActiveCfg = Debug|Any CPU
		{23049560-43BF-4960-A7E9-DC35A29F008B}.Debug|Any CPU.Build.0 = Debug|Any CPU
		{23049560-43BF-4960-A7E9-DC35A29F008B}.Release|Any CPU.ActiveCfg = Release|Any CPU
		{23049560-43BF-4960-A7E9-DC35A29F008B}.Release|Any CPU.Build.0 = Release|Any CPU
		{FE049E4B-EA00-4CBE-8522-F97A01AFA726}.Debug|Any CPU.ActiveCfg = Debug|Any CPU
		{FE049E4B-EA00-4CBE-8522-F97A01AFA726}.Debug|Any CPU.Build.0 = Debug|Any CPU
		{FE049E4B-EA00-4CBE-8522-F97A01AFA726}.Release|Any CPU.ActiveCfg = Release|Any CPU
		{FE049E4B-EA00-4CBE-8522-F97A01AFA726}.Release|Any CPU.Build.0 = Release|Any CPU
		{8DFFE33B-34E7-4ACF-A6AD-3D4B6F67A41A}.Debug|Any CPU.ActiveCfg = Debug|Any CPU
		{8DFFE33B-34E7-4ACF-A6AD-3D4B6F67A41A}.Debug|Any CPU.Build.0 = Debug|Any CPU
		{8DFFE33B-34E7-4ACF-A6AD-3D4B6F67A41A}.Release|Any CPU.ActiveCfg = Release|Any CPU
		{8DFFE33B-34E7-4ACF-A6AD-3D4B6F67A41A}.Release|Any CPU.Build.0 = Release|Any CPU
		{22955E37-B98B-4CE4-8DC1-B6EE6B5245EE}.Debug|Any CPU.ActiveCfg = Debug|Any CPU
		{22955E37-B98B-4CE4-8DC1-B6EE6B5245EE}.Debug|Any CPU.Build.0 = Debug|Any CPU
		{22955E37-B98B-4CE4-8DC1-B6EE6B5245EE}.Release|Any CPU.ActiveCfg = Release|Any CPU
		{22955E37-B98B-4CE4-8DC1-B6EE6B5245EE}.Release|Any CPU.Build.0 = Release|Any CPU
		{2FBAF641-B78D-46D6-A0DB-23A492F988C0}.Debug|Any CPU.ActiveCfg = Debug|Any CPU
		{2FBAF641-B78D-46D6-A0DB-23A492F988C0}.Debug|Any CPU.Build.0 = Debug|Any CPU
		{2FBAF641-B78D-46D6-A0DB-23A492F988C0}.Release|Any CPU.ActiveCfg = Release|Any CPU
		{2FBAF641-B78D-46D6-A0DB-23A492F988C0}.Release|Any CPU.Build.0 = Release|Any CPU
		{4F1CBBA0-DEE7-42A5-BE1A-4928461648AB}.Debug|Any CPU.ActiveCfg = Debug|Any CPU
		{4F1CBBA0-DEE7-42A5-BE1A-4928461648AB}.Debug|Any CPU.Build.0 = Debug|Any CPU
		{4F1CBBA0-DEE7-42A5-BE1A-4928461648AB}.Release|Any CPU.ActiveCfg = Release|Any CPU
		{4F1CBBA0-DEE7-42A5-BE1A-4928461648AB}.Release|Any CPU.Build.0 = Release|Any CPU
		{51731384-BA12-4CCD-AE3D-23FEDBE34BA9}.Debug|Any CPU.ActiveCfg = Debug|Any CPU
		{51731384-BA12-4CCD-AE3D-23FEDBE34BA9}.Debug|Any CPU.Build.0 = Debug|Any CPU
		{51731384-BA12-4CCD-AE3D-23FEDBE34BA9}.Release|Any CPU.ActiveCfg = Release|Any CPU
		{51731384-BA12-4CCD-AE3D-23FEDBE34BA9}.Release|Any CPU.Build.0 = Release|Any CPU
		{060F0211-928B-4264-A9D8-8578BABA1972}.Debug|Any CPU.ActiveCfg = Debug|Any CPU
		{060F0211-928B-4264-A9D8-8578BABA1972}.Debug|Any CPU.Build.0 = Debug|Any CPU
		{060F0211-928B-4264-A9D8-8578BABA1972}.Release|Any CPU.ActiveCfg = Release|Any CPU
		{060F0211-928B-4264-A9D8-8578BABA1972}.Release|Any CPU.Build.0 = Release|Any CPU
		{83B4437A-1509-498C-A669-903907F28F1B}.Debug|Any CPU.ActiveCfg = Debug|Any CPU
		{83B4437A-1509-498C-A669-903907F28F1B}.Debug|Any CPU.Build.0 = Debug|Any CPU
		{83B4437A-1509-498C-A669-903907F28F1B}.Release|Any CPU.ActiveCfg = Release|Any CPU
		{83B4437A-1509-498C-A669-903907F28F1B}.Release|Any CPU.Build.0 = Release|Any CPU
		{52217E42-8E93-4A9A-8D93-4C2F030175F5}.Debug|Any CPU.ActiveCfg = Debug|Any CPU
		{52217E42-8E93-4A9A-8D93-4C2F030175F5}.Debug|Any CPU.Build.0 = Debug|Any CPU
		{52217E42-8E93-4A9A-8D93-4C2F030175F5}.Release|Any CPU.ActiveCfg = Release|Any CPU
		{52217E42-8E93-4A9A-8D93-4C2F030175F5}.Release|Any CPU.Build.0 = Release|Any CPU
	EndGlobalSection
	GlobalSection(SolutionProperties) = preSolution
		HideSolutionNode = FALSE
	EndGlobalSection
	GlobalSection(NestedProjects) = preSolution
		{6A1F1CEF-DC79-4803-B081-58D01F43A384} = {40D34C19-1501-4102-856B-7324AB934953}
		{B178D09C-DE5D-46B0-870A-4224805B2DE4} = {24B55C90-4585-451D-A630-6EA111C2860A}
		{B2385C33-52E8-46F4-85B1-AA0BD8056AF0} = {798ADBE6-40DF-4AAC-B791-214A9729461F}
		{98BFADD9-441B-469F-AA31-24FB38715031} = {A5AAE26B-F081-4477-84E3-B73A4F830AF6}
		{DB7B7565-28F3-4185-8A40-549E07CE98A0} = {5ABBE172-EE79-4620-A89A-05B31662B366}
		{EA4E76E6-DF6A-4425-9CDB-1DE6708F9752} = {156DD1B0-F3D5-4A03-AC71-284AFF0DA75A}
		{E96DAD03-AD85-4932-897A-726092CE8FFB} = {1EEB10F3-1015-4AA4-B332-D3BDCAE86165}
		{23049560-43BF-4960-A7E9-DC35A29F008B} = {6B65AD64-848D-4ECF-B87C-8A7BC65DB8A0}
		{FE049E4B-EA00-4CBE-8522-F97A01AFA726} = {3D32178A-6880-497C-A9F5-62ACB7524BA8}
		{8DFFE33B-34E7-4ACF-A6AD-3D4B6F67A41A} = {4802FB57-349A-4842-9089-9554494BB702}
		{22955E37-B98B-4CE4-8DC1-B6EE6B5245EE} = {62ACB9BE-0100-4225-84E1-0DFF5A6BD437}
		{2FBAF641-B78D-46D6-A0DB-23A492F988C0} = {D97399F0-B2AF-43A3-88B6-27DC5C4861D2}
		{4F1CBBA0-DEE7-42A5-BE1A-4928461648AB} = {F4667CF8-CF53-4D90-8E54-0F752AB99624}
		{51731384-BA12-4CCD-AE3D-23FEDBE34BA9} = {2650C143-3E02-4932-9B72-903FFA225482}
		{060F0211-928B-4264-A9D8-8578BABA1972} = {77814457-DFAF-4D21-BBD7-36361A1D7B41}
		{83B4437A-1509-498C-A669-903907F28F1B} = {2549542C-80FE-4B02-90ED-C65BC6FEA30E}
		{52217E42-8E93-4A9A-8D93-4C2F030175F5} = {49A54441-F42C-4B54-9777-B13D9698D18E}
	EndGlobalSection
	GlobalSection(ExtensibilityGlobals) = postSolution
		SolutionGuid = {31862EB0-46FD-4C45-AD2B-1458D0CFBD39}
	EndGlobalSection
EndGlobal
